
Microsoft Visual Studio Solution File, Format Version 12.00
# Visual Studio Version 17
VisualStudioVersion = 17.5.33424.131
MinimumVisualStudioVersion = 10.0.40219.1
Project("{2150E333-8FDC-42A3-9474-1A3956D46DE8}") = "00.props", "00.props", "{814C7BD4-6F62-482F-BBC9-8C5B524DD01D}"
	ProjectSection(SolutionItems) = preProject
		dependencies.props = dependencies.props
		Directory.Build.props = Directory.Build.props
	EndProjectSection
EndProject
Project("{2150E333-8FDC-42A3-9474-1A3956D46DE8}") = "Aggregator", "Aggregator", "{3E482BFB-F94D-4667-90D2-46919C360CA4}"
EndProject
Project("{2150E333-8FDC-42A3-9474-1A3956D46DE8}") = "Browser", "Browser", "{86A161FE-9D63-4E6B-B8DF-20A9F6BF59F0}"
EndProject
Project("{2150E333-8FDC-42A3-9474-1A3956D46DE8}") = "Certifier", "Certifier", "{BCD318F6-7275-4E19-93FB-493413B0F0DE}"
EndProject
Project("{2150E333-8FDC-42A3-9474-1A3956D46DE8}") = "Channeler", "Channeler", "{A0809114-2A6E-405A-9E85-58C4B2EBF5D4}"
EndProject
Project("{2150E333-8FDC-42A3-9474-1A3956D46DE8}") = "Coder", "Coder", "{5E50DD51-7590-4C8A-A50B-0223CA7E4401}"
EndProject
Project("{2150E333-8FDC-42A3-9474-1A3956D46DE8}") = "Compressor", "Compressor", "{5E50DD51-7590-4C8A-A50B-0223CA7E4402}"
EndProject
Project("{2150E333-8FDC-42A3-9474-1A3956D46DE8}") = "Container", "Container", "{5E50DD51-7590-4C8A-A50B-0223CA7E4403}"
EndProject
Project("{2150E333-8FDC-42A3-9474-1A3956D46DE8}") = "Counter", "Counter", "{5E50DD51-7590-4C8A-A50B-0223CA7E4404}"
EndProject
Project("{2150E333-8FDC-42A3-9474-1A3956D46DE8}") = "Downloader", "Downloader", "{5E50DD51-7590-4C8A-A50B-0223CA7E4405}"
EndProject
Project("{2150E333-8FDC-42A3-9474-1A3956D46DE8}") = "Frameworker", "Frameworker", "{5E50DD51-7590-4C8A-A50B-0223CA7E4406}"
EndProject
Project("{2150E333-8FDC-42A3-9474-1A3956D46DE8}") = "Greeter", "Greeter", "{5E50DD51-7590-4C8A-A50B-0223CA7E4407}"
EndProject
Project("{2150E333-8FDC-42A3-9474-1A3956D46DE8}") = "Interceptor", "Interceptor", "{5E50DD51-7590-4C8A-A50B-0223CA7E4408}"
EndProject
Project("{2150E333-8FDC-42A3-9474-1A3956D46DE8}") = "Liber", "Liber", "{5E50DD51-7590-4C8A-A50B-0223CA7E4106}"
EndProject
Project("{2150E333-8FDC-42A3-9474-1A3956D46DE8}") = "Mailer", "Mailer", "{5E50DD51-7590-4C8A-A50B-0223CA7E4107}"
EndProject
Project("{2150E333-8FDC-42A3-9474-1A3956D46DE8}") = "Progressor", "Progressor", "{5E50DD51-7590-4C8A-A50B-0223CA7E4108}"
EndProject
Project("{2150E333-8FDC-42A3-9474-1A3956D46DE8}") = "Racer", "Racer", "{5E50DD51-7590-4C8A-A50B-0223CA7E4206}"
EndProject
Project("{2150E333-8FDC-42A3-9474-1A3956D46DE8}") = "Reflector", "Reflector", "{5E50DD51-7590-4C8A-A50B-0223CA7E4207}"
EndProject
Project("{2150E333-8FDC-42A3-9474-1A3956D46DE8}") = "Retrier", "Retrier", "{5E50DD51-7590-4C8A-A50B-0223CA7E4208}"
EndProject
Project("{2150E333-8FDC-42A3-9474-1A3956D46DE8}") = "Spar", "Spar", "{5E50DD51-7590-4C8A-A50B-0223CA7E4306}"
EndProject
Project("{2150E333-8FDC-42A3-9474-1A3956D46DE8}") = "Tester", "Tester", "{5E50DD51-7590-4C8A-A50B-0223CA7E4307}"
EndProject
Project("{2150E333-8FDC-42A3-9474-1A3956D46DE8}") = "Ticketer", "Ticketer", "{5E50DD51-7590-4C8A-A50B-0223CA7E4308}"
EndProject
Project("{2150E333-8FDC-42A3-9474-1A3956D46DE8}") = "Transcoder", "Transcoder", "{7A78599A-4BB3-4952-9689-488EEACEC75D}"
EndProject
Project("{2150E333-8FDC-42A3-9474-1A3956D46DE8}") = "Transporter", "Transporter", "{9B8DF1EB-EADE-4E7C-8B89-62C68A79AA36}"
EndProject
Project("{2150E333-8FDC-42A3-9474-1A3956D46DE8}") = "Uploader", "Uploader", "{272BA202-0F94-43AA-9EF0-466542996840}"
EndProject
Project("{2150E333-8FDC-42A3-9474-1A3956D46DE8}") = "Vigor", "Vigor", "{5E50DD51-7590-4C8A-A50B-0223CA7E4507}"
EndProject
Project("{2150E333-8FDC-42A3-9474-1A3956D46DE8}") = "Worker", "Worker", "{5E50DD51-7590-4C8A-A50B-0223CA7E4508}"
EndProject
Project("{9A19103F-16F7-4668-BE54-9A1E7A4F7556}") = "Server", "Aggregator\Server\Server.csproj", "{534AC5F8-2DF2-40BD-87A5-B3D8310118C4}"
EndProject
Project("{9A19103F-16F7-4668-BE54-9A1E7A4F7556}") = "Client", "Aggregator\Client\Client.csproj", "{48A1D3BC-A14B-436A-8822-6DE2BEF8B747}"
EndProject
Project("{9A19103F-16F7-4668-BE54-9A1E7A4F7556}") = "Client", "Blazor\Client\Client.csproj", "{F20D0A20-5005-4E82-A3BE-416C7E90C7D6}"
EndProject
Project("{2150E333-8FDC-42A3-9474-1A3956D46DE8}") = "Blazor", "Blazor", "{EFE8C773-6523-417F-BDFA-6B764C202569}"
EndProject
Project("{9A19103F-16F7-4668-BE54-9A1E7A4F7556}") = "Server", "Blazor\Server\Server.csproj", "{5B3A8C4D-142A-470D-BAE8-A35B3BC7D79E}"
EndProject
Project("{9A19103F-16F7-4668-BE54-9A1E7A4F7556}") = "Server", "Browser\Server\Server.csproj", "{A1F7CFC4-FE73-4B35-B228-9540E82EA2BE}"
EndProject
Project("{9A19103F-16F7-4668-BE54-9A1E7A4F7556}") = "Server", "Certifier\Server\Server.csproj", "{D3FF68BA-1A89-426F-B813-559348B632D4}"
EndProject
Project("{9A19103F-16F7-4668-BE54-9A1E7A4F7556}") = "Client", "Certifier\Client\Client.csproj", "{C0E08CDF-97E9-46C6-94C8-583706ACCA34}"
EndProject
Project("{9A19103F-16F7-4668-BE54-9A1E7A4F7556}") = "Server", "Channeler\Server\Server.csproj", "{ED4277EE-5FB3-4557-9DDC-5CD087FF9BAB}"
EndProject
Project("{9A19103F-16F7-4668-BE54-9A1E7A4F7556}") = "Client", "Channeler\Client\Client.csproj", "{9642BA1D-26E6-4072-B222-F4BC4A4F7138}"
EndProject
Project("{9A19103F-16F7-4668-BE54-9A1E7A4F7556}") = "Client", "Coder\Client\Client.csproj", "{061E0D55-1635-44E5-982B-156B1E3AD0A7}"
EndProject
Project("{9A19103F-16F7-4668-BE54-9A1E7A4F7556}") = "Server", "Coder\Server\Server.csproj", "{590A5F2B-1752-4773-8777-D0C06086CFEC}"
EndProject
Project("{9A19103F-16F7-4668-BE54-9A1E7A4F7556}") = "Shared", "Coder\Shared\Shared.csproj", "{7AF5F5AA-3631-486E-8D4D-A72F04D2BFFA}"
EndProject
Project("{9A19103F-16F7-4668-BE54-9A1E7A4F7556}") = "Client", "Compressor\Client\Client.csproj", "{A164B8DA-981D-45BE-9C5D-32B7C1B8BB96}"
EndProject
Project("{9A19103F-16F7-4668-BE54-9A1E7A4F7556}") = "Server", "Compressor\Server\Server.csproj", "{78E95D52-1967-416B-A14F-17BF3FCDB92D}"
EndProject
Project("{9A19103F-16F7-4668-BE54-9A1E7A4F7556}") = "Backend", "Container\Backend\Backend.csproj", "{D75DB0FD-C407-430E-9192-C28B55EF369E}"
EndProject
Project("{9A19103F-16F7-4668-BE54-9A1E7A4F7556}") = "Frontend", "Container\Frontend\Frontend.csproj", "{C7E9466D-AA71-4CB7-97B2-188F94038916}"
EndProject
Project("{9A19103F-16F7-4668-BE54-9A1E7A4F7556}") = "Client", "Counter\Client\Client.csproj", "{2A13937C-E948-4FB9-8755-6FC897B97807}"
EndProject
Project("{9A19103F-16F7-4668-BE54-9A1E7A4F7556}") = "Server", "Counter\Server\Server.csproj", "{CD7BEF01-881A-4ED7-AF6D-40C673B0340D}"
EndProject
Project("{9A19103F-16F7-4668-BE54-9A1E7A4F7556}") = "Client", "Downloader\Client\Client.csproj", "{0E8F1C91-33FC-41DC-AA66-F24357AD280D}"
EndProject
Project("{9A19103F-16F7-4668-BE54-9A1E7A4F7556}") = "Server", "Downloader\Server\Server.csproj", "{F3A01EC9-B56F-44E0-B9A8-82D011D758BD}"
EndProject
Project("{9A19103F-16F7-4668-BE54-9A1E7A4F7556}") = "Client", "Frameworker\Client\Client.csproj", "{969AEED3-C71C-4AC5-A056-B61EF7C043A2}"
EndProject
Project("{9A19103F-16F7-4668-BE54-9A1E7A4F7556}") = "Server", "Frameworker\Server\Server.csproj", "{D99089C9-626C-40F2-B8B2-721A804DB2A6}"
EndProject
Project("{9A19103F-16F7-4668-BE54-9A1E7A4F7556}") = "Client", "Greeter\Client\Client.csproj", "{C7E29B9D-FB7B-40D8-9938-E7AB05772FDB}"
EndProject
Project("{9A19103F-16F7-4668-BE54-9A1E7A4F7556}") = "Server", "Greeter\Server\Server.csproj", "{74A82CCD-3AFC-408E-8FF3-1B141607D9EB}"
EndProject
Project("{9A19103F-16F7-4668-BE54-9A1E7A4F7556}") = "Client", "Interceptor\Client\Client.csproj", "{CDF33524-886E-41C1-9BC0-959DBA10810B}"
EndProject
Project("{9A19103F-16F7-4668-BE54-9A1E7A4F7556}") = "Server", "Interceptor\Server\Server.csproj", "{A1749150-9DDC-4920-ADD9-C0332EBFA23C}"
EndProject
Project("{2150E333-8FDC-42A3-9474-1A3956D46DE8}") = "Locator", "Locator", "{5D0EE17E-B935-4528-A05B-73557691B132}"
EndProject
Project("{9A19103F-16F7-4668-BE54-9A1E7A4F7556}") = "Client", "Locator\Client\Client.csproj", "{4A9F4DBB-CD47-4CD1-BE82-A9FA7B3C3F61}"
EndProject
Project("{9A19103F-16F7-4668-BE54-9A1E7A4F7556}") = "Server", "Locator\Server\Server.csproj", "{DE7280F1-E2A3-401F-831E-B2554CFF0F29}"
EndProject
Project("{9A19103F-16F7-4668-BE54-9A1E7A4F7556}") = "Client", "Mailer\Client\Client.csproj", "{F905E065-F672-465E-AD67-C8D5783AAAF5}"
EndProject
Project("{9A19103F-16F7-4668-BE54-9A1E7A4F7556}") = "Server", "Mailer\Server\Server.csproj", "{22D09FCD-1B14-4349-AD2A-BF2323C7F160}"
EndProject
Project("{9A19103F-16F7-4668-BE54-9A1E7A4F7556}") = "Client", "Progressor\Client\Client.csproj", "{DD20B4D4-EFB7-4AF7-875F-E9C98E52232A}"
EndProject
Project("{9A19103F-16F7-4668-BE54-9A1E7A4F7556}") = "Server", "Progressor\Server\Server.csproj", "{893FBC5D-1206-42ED-92F7-2D89093E9AFB}"
EndProject
Project("{9A19103F-16F7-4668-BE54-9A1E7A4F7556}") = "Client", "Racer\Client\Client.csproj", "{D1840E81-B381-49CE-8404-A0D94B27F6FE}"
EndProject
Project("{9A19103F-16F7-4668-BE54-9A1E7A4F7556}") = "Server", "Racer\Server\Server.csproj", "{A83E8F8E-DC14-4654-9D4D-F4DF6D24B853}"
EndProject
Project("{9A19103F-16F7-4668-BE54-9A1E7A4F7556}") = "Client", "Reflector\Client\Client.csproj", "{16EC7B96-1D4A-4B1E-9691-45BCB088721F}"
EndProject
Project("{9A19103F-16F7-4668-BE54-9A1E7A4F7556}") = "Server", "Reflector\Server\Server.csproj", "{445B937F-1BEE-4CEC-8011-568451B30642}"
EndProject
Project("{9A19103F-16F7-4668-BE54-9A1E7A4F7556}") = "Client", "Retrier\Client\Client.csproj", "{EBCB751A-A74D-465A-A7C7-4B4B39C013AE}"
EndProject
Project("{9A19103F-16F7-4668-BE54-9A1E7A4F7556}") = "Server", "Retrier\Server\Server.csproj", "{5CBAB344-F170-47CF-A06B-366951C45E3A}"
EndProject
Project("{9A19103F-16F7-4668-BE54-9A1E7A4F7556}") = "Server", "Spar\Server\Server.csproj", "{B0851F16-9D3A-4B86-93C8-ADB2076F37BE}"
EndProject
Project("{9A19103F-16F7-4668-BE54-9A1E7A4F7556}") = "Client", "Tester\Client\Client.csproj", "{A6D831CE-FF52-4E15-93B2-EE0A2460D5C1}"
EndProject
Project("{9A19103F-16F7-4668-BE54-9A1E7A4F7556}") = "Common", "Tester\Common\Common.csproj", "{4838BEBE-EB02-400A-A7BE-52CBD07F2107}"
EndProject
Project("{9A19103F-16F7-4668-BE54-9A1E7A4F7556}") = "Server", "Tester\Server\Server.csproj", "{AE4A685C-B032-4C5F-AA38-DE67BACBDFE2}"
EndProject
Project("{9A19103F-16F7-4668-BE54-9A1E7A4F7556}") = "Tests", "Tester\Tests\Tests.csproj", "{4A9D5AD1-1D6E-40D2-B24E-DACE74424544}"
EndProject
Project("{9A19103F-16F7-4668-BE54-9A1E7A4F7556}") = "Client", "Ticketer\Client\Client.csproj", "{C07EEDA6-472D-4BFF-A53C-FB57D77B89BD}"
EndProject
Project("{9A19103F-16F7-4668-BE54-9A1E7A4F7556}") = "Server", "Ticketer\Server\Server.csproj", "{2C4FB813-DC1C-443A-845F-21565C86D10B}"
EndProject
Project("{9A19103F-16F7-4668-BE54-9A1E7A4F7556}") = "Server", "Transcoder\Server\Server.csproj", "{D002F352-B4D1-461C-B215-7FB69187AAFD}"
EndProject
Project("{9A19103F-16F7-4668-BE54-9A1E7A4F7556}") = "Client", "Transporter\Client\Client.csproj", "{972779A0-BA93-4903-92FA-00A0FE68C3CD}"
EndProject
Project("{9A19103F-16F7-4668-BE54-9A1E7A4F7556}") = "Server", "Transporter\Server\Server.csproj", "{EB98343E-271D-4CC5-817E-B6AB8DF962E2}"
EndProject
Project("{9A19103F-16F7-4668-BE54-9A1E7A4F7556}") = "Client", "Uploader\Client\Client.csproj", "{369B6AA3-D2C8-47A3-83AC-A4C8BC10C677}"
EndProject
Project("{9A19103F-16F7-4668-BE54-9A1E7A4F7556}") = "Server", "Uploader\Server\Server.csproj", "{FCD94744-0922-48C8-8F6F-400209E49F23}"
EndProject
Project("{9A19103F-16F7-4668-BE54-9A1E7A4F7556}") = "Client", "Vigor\Client\Client.csproj", "{679B4819-67B4-4334-80AF-083101EFCF97}"
EndProject
Project("{9A19103F-16F7-4668-BE54-9A1E7A4F7556}") = "Server", "Vigor\Server\Server.csproj", "{F59E3268-359A-4B26-B0CF-79C73ACDE322}"
EndProject
Project("{9A19103F-16F7-4668-BE54-9A1E7A4F7556}") = "Client", "Worker\Client\Client.csproj", "{D519D42F-B333-42A7-A7B5-76E0CEE411F9}"
EndProject
Project("{9A19103F-16F7-4668-BE54-9A1E7A4F7556}") = "Server", "Worker\Server\Server.csproj", "{C2D9FB7E-9C32-4E68-9B09-82A091E2C9D7}"
EndProject
Global
	GlobalSection(SolutionConfigurationPlatforms) = preSolution
		Debug|Any CPU = Debug|Any CPU
		Release|Any CPU = Release|Any CPU
	EndGlobalSection
	GlobalSection(ProjectConfigurationPlatforms) = postSolution
		{534AC5F8-2DF2-40BD-87A5-B3D8310118C4}.Debug|Any CPU.ActiveCfg = Debug|Any CPU
		{534AC5F8-2DF2-40BD-87A5-B3D8310118C4}.Debug|Any CPU.Build.0 = Debug|Any CPU
		{534AC5F8-2DF2-40BD-87A5-B3D8310118C4}.Release|Any CPU.ActiveCfg = Release|Any CPU
		{534AC5F8-2DF2-40BD-87A5-B3D8310118C4}.Release|Any CPU.Build.0 = Release|Any CPU
		{48A1D3BC-A14B-436A-8822-6DE2BEF8B747}.Debug|Any CPU.ActiveCfg = Debug|Any CPU
		{48A1D3BC-A14B-436A-8822-6DE2BEF8B747}.Debug|Any CPU.Build.0 = Debug|Any CPU
		{48A1D3BC-A14B-436A-8822-6DE2BEF8B747}.Release|Any CPU.ActiveCfg = Release|Any CPU
		{48A1D3BC-A14B-436A-8822-6DE2BEF8B747}.Release|Any CPU.Build.0 = Release|Any CPU
		{F20D0A20-5005-4E82-A3BE-416C7E90C7D6}.Debug|Any CPU.ActiveCfg = Debug|Any CPU
		{F20D0A20-5005-4E82-A3BE-416C7E90C7D6}.Debug|Any CPU.Build.0 = Debug|Any CPU
		{F20D0A20-5005-4E82-A3BE-416C7E90C7D6}.Release|Any CPU.ActiveCfg = Release|Any CPU
		{F20D0A20-5005-4E82-A3BE-416C7E90C7D6}.Release|Any CPU.Build.0 = Release|Any CPU
		{5B3A8C4D-142A-470D-BAE8-A35B3BC7D79E}.Debug|Any CPU.ActiveCfg = Debug|Any CPU
		{5B3A8C4D-142A-470D-BAE8-A35B3BC7D79E}.Debug|Any CPU.Build.0 = Debug|Any CPU
		{5B3A8C4D-142A-470D-BAE8-A35B3BC7D79E}.Release|Any CPU.ActiveCfg = Release|Any CPU
		{5B3A8C4D-142A-470D-BAE8-A35B3BC7D79E}.Release|Any CPU.Build.0 = Release|Any CPU
		{A1F7CFC4-FE73-4B35-B228-9540E82EA2BE}.Debug|Any CPU.ActiveCfg = Debug|Any CPU
		{A1F7CFC4-FE73-4B35-B228-9540E82EA2BE}.Debug|Any CPU.Build.0 = Debug|Any CPU
		{A1F7CFC4-FE73-4B35-B228-9540E82EA2BE}.Release|Any CPU.ActiveCfg = Release|Any CPU
		{A1F7CFC4-FE73-4B35-B228-9540E82EA2BE}.Release|Any CPU.Build.0 = Release|Any CPU
		{D3FF68BA-1A89-426F-B813-559348B632D4}.Debug|Any CPU.ActiveCfg = Debug|Any CPU
		{D3FF68BA-1A89-426F-B813-559348B632D4}.Debug|Any CPU.Build.0 = Debug|Any CPU
		{D3FF68BA-1A89-426F-B813-559348B632D4}.Release|Any CPU.ActiveCfg = Release|Any CPU
		{D3FF68BA-1A89-426F-B813-559348B632D4}.Release|Any CPU.Build.0 = Release|Any CPU
		{C0E08CDF-97E9-46C6-94C8-583706ACCA34}.Debug|Any CPU.ActiveCfg = Debug|Any CPU
		{C0E08CDF-97E9-46C6-94C8-583706ACCA34}.Debug|Any CPU.Build.0 = Debug|Any CPU
		{C0E08CDF-97E9-46C6-94C8-583706ACCA34}.Release|Any CPU.ActiveCfg = Release|Any CPU
		{C0E08CDF-97E9-46C6-94C8-583706ACCA34}.Release|Any CPU.Build.0 = Release|Any CPU
		{ED4277EE-5FB3-4557-9DDC-5CD087FF9BAB}.Debug|Any CPU.ActiveCfg = Debug|Any CPU
		{ED4277EE-5FB3-4557-9DDC-5CD087FF9BAB}.Debug|Any CPU.Build.0 = Debug|Any CPU
		{ED4277EE-5FB3-4557-9DDC-5CD087FF9BAB}.Release|Any CPU.ActiveCfg = Release|Any CPU
		{ED4277EE-5FB3-4557-9DDC-5CD087FF9BAB}.Release|Any CPU.Build.0 = Release|Any CPU
		{9642BA1D-26E6-4072-B222-F4BC4A4F7138}.Debug|Any CPU.ActiveCfg = Debug|Any CPU
		{9642BA1D-26E6-4072-B222-F4BC4A4F7138}.Debug|Any CPU.Build.0 = Debug|Any CPU
		{9642BA1D-26E6-4072-B222-F4BC4A4F7138}.Release|Any CPU.ActiveCfg = Release|Any CPU
		{9642BA1D-26E6-4072-B222-F4BC4A4F7138}.Release|Any CPU.Build.0 = Release|Any CPU
		{061E0D55-1635-44E5-982B-156B1E3AD0A7}.Debug|Any CPU.ActiveCfg = Debug|Any CPU
		{061E0D55-1635-44E5-982B-156B1E3AD0A7}.Debug|Any CPU.Build.0 = Debug|Any CPU
		{061E0D55-1635-44E5-982B-156B1E3AD0A7}.Release|Any CPU.ActiveCfg = Release|Any CPU
		{061E0D55-1635-44E5-982B-156B1E3AD0A7}.Release|Any CPU.Build.0 = Release|Any CPU
		{590A5F2B-1752-4773-8777-D0C06086CFEC}.Debug|Any CPU.ActiveCfg = Debug|Any CPU
		{590A5F2B-1752-4773-8777-D0C06086CFEC}.Debug|Any CPU.Build.0 = Debug|Any CPU
		{590A5F2B-1752-4773-8777-D0C06086CFEC}.Release|Any CPU.ActiveCfg = Release|Any CPU
		{590A5F2B-1752-4773-8777-D0C06086CFEC}.Release|Any CPU.Build.0 = Release|Any CPU
		{7AF5F5AA-3631-486E-8D4D-A72F04D2BFFA}.Debug|Any CPU.ActiveCfg = Debug|Any CPU
		{7AF5F5AA-3631-486E-8D4D-A72F04D2BFFA}.Debug|Any CPU.Build.0 = Debug|Any CPU
		{7AF5F5AA-3631-486E-8D4D-A72F04D2BFFA}.Release|Any CPU.ActiveCfg = Release|Any CPU
		{7AF5F5AA-3631-486E-8D4D-A72F04D2BFFA}.Release|Any CPU.Build.0 = Release|Any CPU
		{A164B8DA-981D-45BE-9C5D-32B7C1B8BB96}.Debug|Any CPU.ActiveCfg = Debug|Any CPU
		{A164B8DA-981D-45BE-9C5D-32B7C1B8BB96}.Debug|Any CPU.Build.0 = Debug|Any CPU
		{A164B8DA-981D-45BE-9C5D-32B7C1B8BB96}.Release|Any CPU.ActiveCfg = Release|Any CPU
		{A164B8DA-981D-45BE-9C5D-32B7C1B8BB96}.Release|Any CPU.Build.0 = Release|Any CPU
		{78E95D52-1967-416B-A14F-17BF3FCDB92D}.Debug|Any CPU.ActiveCfg = Debug|Any CPU
		{78E95D52-1967-416B-A14F-17BF3FCDB92D}.Debug|Any CPU.Build.0 = Debug|Any CPU
		{78E95D52-1967-416B-A14F-17BF3FCDB92D}.Release|Any CPU.ActiveCfg = Release|Any CPU
		{78E95D52-1967-416B-A14F-17BF3FCDB92D}.Release|Any CPU.Build.0 = Release|Any CPU
		{D75DB0FD-C407-430E-9192-C28B55EF369E}.Debug|Any CPU.ActiveCfg = Debug|Any CPU
		{D75DB0FD-C407-430E-9192-C28B55EF369E}.Debug|Any CPU.Build.0 = Debug|Any CPU
		{D75DB0FD-C407-430E-9192-C28B55EF369E}.Release|Any CPU.ActiveCfg = Release|Any CPU
		{D75DB0FD-C407-430E-9192-C28B55EF369E}.Release|Any CPU.Build.0 = Release|Any CPU
		{C7E9466D-AA71-4CB7-97B2-188F94038916}.Debug|Any CPU.ActiveCfg = Debug|Any CPU
		{C7E9466D-AA71-4CB7-97B2-188F94038916}.Debug|Any CPU.Build.0 = Debug|Any CPU
		{C7E9466D-AA71-4CB7-97B2-188F94038916}.Release|Any CPU.ActiveCfg = Release|Any CPU
		{C7E9466D-AA71-4CB7-97B2-188F94038916}.Release|Any CPU.Build.0 = Release|Any CPU
		{2A13937C-E948-4FB9-8755-6FC897B97807}.Debug|Any CPU.ActiveCfg = Debug|Any CPU
		{2A13937C-E948-4FB9-8755-6FC897B97807}.Debug|Any CPU.Build.0 = Debug|Any CPU
		{2A13937C-E948-4FB9-8755-6FC897B97807}.Release|Any CPU.ActiveCfg = Release|Any CPU
		{2A13937C-E948-4FB9-8755-6FC897B97807}.Release|Any CPU.Build.0 = Release|Any CPU
		{CD7BEF01-881A-4ED7-AF6D-40C673B0340D}.Debug|Any CPU.ActiveCfg = Debug|Any CPU
		{CD7BEF01-881A-4ED7-AF6D-40C673B0340D}.Debug|Any CPU.Build.0 = Debug|Any CPU
		{CD7BEF01-881A-4ED7-AF6D-40C673B0340D}.Release|Any CPU.ActiveCfg = Release|Any CPU
		{CD7BEF01-881A-4ED7-AF6D-40C673B0340D}.Release|Any CPU.Build.0 = Release|Any CPU
		{0E8F1C91-33FC-41DC-AA66-F24357AD280D}.Debug|Any CPU.ActiveCfg = Debug|Any CPU
		{0E8F1C91-33FC-41DC-AA66-F24357AD280D}.Debug|Any CPU.Build.0 = Debug|Any CPU
		{0E8F1C91-33FC-41DC-AA66-F24357AD280D}.Release|Any CPU.ActiveCfg = Release|Any CPU
		{0E8F1C91-33FC-41DC-AA66-F24357AD280D}.Release|Any CPU.Build.0 = Release|Any CPU
		{F3A01EC9-B56F-44E0-B9A8-82D011D758BD}.Debug|Any CPU.ActiveCfg = Debug|Any CPU
		{F3A01EC9-B56F-44E0-B9A8-82D011D758BD}.Debug|Any CPU.Build.0 = Debug|Any CPU
		{F3A01EC9-B56F-44E0-B9A8-82D011D758BD}.Release|Any CPU.ActiveCfg = Release|Any CPU
		{F3A01EC9-B56F-44E0-B9A8-82D011D758BD}.Release|Any CPU.Build.0 = Release|Any CPU
		{969AEED3-C71C-4AC5-A056-B61EF7C043A2}.Debug|Any CPU.ActiveCfg = Debug|Any CPU
		{969AEED3-C71C-4AC5-A056-B61EF7C043A2}.Debug|Any CPU.Build.0 = Debug|Any CPU
		{969AEED3-C71C-4AC5-A056-B61EF7C043A2}.Release|Any CPU.ActiveCfg = Release|Any CPU
		{969AEED3-C71C-4AC5-A056-B61EF7C043A2}.Release|Any CPU.Build.0 = Release|Any CPU
		{D99089C9-626C-40F2-B8B2-721A804DB2A6}.Debug|Any CPU.ActiveCfg = Debug|Any CPU
		{D99089C9-626C-40F2-B8B2-721A804DB2A6}.Debug|Any CPU.Build.0 = Debug|Any CPU
		{D99089C9-626C-40F2-B8B2-721A804DB2A6}.Release|Any CPU.ActiveCfg = Release|Any CPU
		{D99089C9-626C-40F2-B8B2-721A804DB2A6}.Release|Any CPU.Build.0 = Release|Any CPU
		{C7E29B9D-FB7B-40D8-9938-E7AB05772FDB}.Debug|Any CPU.ActiveCfg = Debug|Any CPU
		{C7E29B9D-FB7B-40D8-9938-E7AB05772FDB}.Debug|Any CPU.Build.0 = Debug|Any CPU
		{C7E29B9D-FB7B-40D8-9938-E7AB05772FDB}.Release|Any CPU.ActiveCfg = Release|Any CPU
		{C7E29B9D-FB7B-40D8-9938-E7AB05772FDB}.Release|Any CPU.Build.0 = Release|Any CPU
		{74A82CCD-3AFC-408E-8FF3-1B141607D9EB}.Debug|Any CPU.ActiveCfg = Debug|Any CPU
		{74A82CCD-3AFC-408E-8FF3-1B141607D9EB}.Debug|Any CPU.Build.0 = Debug|Any CPU
		{74A82CCD-3AFC-408E-8FF3-1B141607D9EB}.Release|Any CPU.ActiveCfg = Release|Any CPU
		{74A82CCD-3AFC-408E-8FF3-1B141607D9EB}.Release|Any CPU.Build.0 = Release|Any CPU
		{CDF33524-886E-41C1-9BC0-959DBA10810B}.Debug|Any CPU.ActiveCfg = Debug|Any CPU
		{CDF33524-886E-41C1-9BC0-959DBA10810B}.Debug|Any CPU.Build.0 = Debug|Any CPU
		{CDF33524-886E-41C1-9BC0-959DBA10810B}.Release|Any CPU.ActiveCfg = Release|Any CPU
		{CDF33524-886E-41C1-9BC0-959DBA10810B}.Release|Any CPU.Build.0 = Release|Any CPU
		{A1749150-9DDC-4920-ADD9-C0332EBFA23C}.Debug|Any CPU.ActiveCfg = Debug|Any CPU
		{A1749150-9DDC-4920-ADD9-C0332EBFA23C}.Debug|Any CPU.Build.0 = Debug|Any CPU
		{A1749150-9DDC-4920-ADD9-C0332EBFA23C}.Release|Any CPU.ActiveCfg = Release|Any CPU
		{A1749150-9DDC-4920-ADD9-C0332EBFA23C}.Release|Any CPU.Build.0 = Release|Any CPU
		{4A9F4DBB-CD47-4CD1-BE82-A9FA7B3C3F61}.Debug|Any CPU.ActiveCfg = Debug|Any CPU
		{4A9F4DBB-CD47-4CD1-BE82-A9FA7B3C3F61}.Debug|Any CPU.Build.0 = Debug|Any CPU
		{4A9F4DBB-CD47-4CD1-BE82-A9FA7B3C3F61}.Release|Any CPU.ActiveCfg = Release|Any CPU
		{4A9F4DBB-CD47-4CD1-BE82-A9FA7B3C3F61}.Release|Any CPU.Build.0 = Release|Any CPU
		{DE7280F1-E2A3-401F-831E-B2554CFF0F29}.Debug|Any CPU.ActiveCfg = Debug|Any CPU
		{DE7280F1-E2A3-401F-831E-B2554CFF0F29}.Debug|Any CPU.Build.0 = Debug|Any CPU
		{DE7280F1-E2A3-401F-831E-B2554CFF0F29}.Release|Any CPU.ActiveCfg = Release|Any CPU
		{DE7280F1-E2A3-401F-831E-B2554CFF0F29}.Release|Any CPU.Build.0 = Release|Any CPU
		{F905E065-F672-465E-AD67-C8D5783AAAF5}.Debug|Any CPU.ActiveCfg = Debug|Any CPU
		{F905E065-F672-465E-AD67-C8D5783AAAF5}.Debug|Any CPU.Build.0 = Debug|Any CPU
		{F905E065-F672-465E-AD67-C8D5783AAAF5}.Release|Any CPU.ActiveCfg = Release|Any CPU
		{F905E065-F672-465E-AD67-C8D5783AAAF5}.Release|Any CPU.Build.0 = Release|Any CPU
		{22D09FCD-1B14-4349-AD2A-BF2323C7F160}.Debug|Any CPU.ActiveCfg = Debug|Any CPU
		{22D09FCD-1B14-4349-AD2A-BF2323C7F160}.Debug|Any CPU.Build.0 = Debug|Any CPU
		{22D09FCD-1B14-4349-AD2A-BF2323C7F160}.Release|Any CPU.ActiveCfg = Release|Any CPU
		{22D09FCD-1B14-4349-AD2A-BF2323C7F160}.Release|Any CPU.Build.0 = Release|Any CPU
		{DD20B4D4-EFB7-4AF7-875F-E9C98E52232A}.Debug|Any CPU.ActiveCfg = Debug|Any CPU
		{DD20B4D4-EFB7-4AF7-875F-E9C98E52232A}.Debug|Any CPU.Build.0 = Debug|Any CPU
		{DD20B4D4-EFB7-4AF7-875F-E9C98E52232A}.Release|Any CPU.ActiveCfg = Release|Any CPU
		{DD20B4D4-EFB7-4AF7-875F-E9C98E52232A}.Release|Any CPU.Build.0 = Release|Any CPU
		{893FBC5D-1206-42ED-92F7-2D89093E9AFB}.Debug|Any CPU.ActiveCfg = Debug|Any CPU
		{893FBC5D-1206-42ED-92F7-2D89093E9AFB}.Debug|Any CPU.Build.0 = Debug|Any CPU
		{893FBC5D-1206-42ED-92F7-2D89093E9AFB}.Release|Any CPU.ActiveCfg = Release|Any CPU
		{893FBC5D-1206-42ED-92F7-2D89093E9AFB}.Release|Any CPU.Build.0 = Release|Any CPU
		{D1840E81-B381-49CE-8404-A0D94B27F6FE}.Debug|Any CPU.ActiveCfg = Debug|Any CPU
		{D1840E81-B381-49CE-8404-A0D94B27F6FE}.Debug|Any CPU.Build.0 = Debug|Any CPU
		{D1840E81-B381-49CE-8404-A0D94B27F6FE}.Release|Any CPU.ActiveCfg = Release|Any CPU
		{D1840E81-B381-49CE-8404-A0D94B27F6FE}.Release|Any CPU.Build.0 = Release|Any CPU
		{A83E8F8E-DC14-4654-9D4D-F4DF6D24B853}.Debug|Any CPU.ActiveCfg = Debug|Any CPU
		{A83E8F8E-DC14-4654-9D4D-F4DF6D24B853}.Debug|Any CPU.Build.0 = Debug|Any CPU
		{A83E8F8E-DC14-4654-9D4D-F4DF6D24B853}.Release|Any CPU.ActiveCfg = Release|Any CPU
		{A83E8F8E-DC14-4654-9D4D-F4DF6D24B853}.Release|Any CPU.Build.0 = Release|Any CPU
		{16EC7B96-1D4A-4B1E-9691-45BCB088721F}.Debug|Any CPU.ActiveCfg = Debug|Any CPU
		{16EC7B96-1D4A-4B1E-9691-45BCB088721F}.Debug|Any CPU.Build.0 = Debug|Any CPU
		{16EC7B96-1D4A-4B1E-9691-45BCB088721F}.Release|Any CPU.ActiveCfg = Release|Any CPU
		{16EC7B96-1D4A-4B1E-9691-45BCB088721F}.Release|Any CPU.Build.0 = Release|Any CPU
		{445B937F-1BEE-4CEC-8011-568451B30642}.Debug|Any CPU.ActiveCfg = Debug|Any CPU
		{445B937F-1BEE-4CEC-8011-568451B30642}.Debug|Any CPU.Build.0 = Debug|Any CPU
		{445B937F-1BEE-4CEC-8011-568451B30642}.Release|Any CPU.ActiveCfg = Release|Any CPU
		{445B937F-1BEE-4CEC-8011-568451B30642}.Release|Any CPU.Build.0 = Release|Any CPU
		{EBCB751A-A74D-465A-A7C7-4B4B39C013AE}.Debug|Any CPU.ActiveCfg = Debug|Any CPU
		{EBCB751A-A74D-465A-A7C7-4B4B39C013AE}.Debug|Any CPU.Build.0 = Debug|Any CPU
		{EBCB751A-A74D-465A-A7C7-4B4B39C013AE}.Release|Any CPU.ActiveCfg = Release|Any CPU
		{EBCB751A-A74D-465A-A7C7-4B4B39C013AE}.Release|Any CPU.Build.0 = Release|Any CPU
		{5CBAB344-F170-47CF-A06B-366951C45E3A}.Debug|Any CPU.ActiveCfg = Debug|Any CPU
		{5CBAB344-F170-47CF-A06B-366951C45E3A}.Debug|Any CPU.Build.0 = Debug|Any CPU
		{5CBAB344-F170-47CF-A06B-366951C45E3A}.Release|Any CPU.ActiveCfg = Release|Any CPU
		{5CBAB344-F170-47CF-A06B-366951C45E3A}.Release|Any CPU.Build.0 = Release|Any CPU
		{B0851F16-9D3A-4B86-93C8-ADB2076F37BE}.Debug|Any CPU.ActiveCfg = Debug|Any CPU
		{B0851F16-9D3A-4B86-93C8-ADB2076F37BE}.Debug|Any CPU.Build.0 = Debug|Any CPU
		{B0851F16-9D3A-4B86-93C8-ADB2076F37BE}.Release|Any CPU.ActiveCfg = Release|Any CPU
		{B0851F16-9D3A-4B86-93C8-ADB2076F37BE}.Release|Any CPU.Build.0 = Release|Any CPU
		{A6D831CE-FF52-4E15-93B2-EE0A2460D5C1}.Debug|Any CPU.ActiveCfg = Debug|Any CPU
		{A6D831CE-FF52-4E15-93B2-EE0A2460D5C1}.Debug|Any CPU.Build.0 = Debug|Any CPU
		{A6D831CE-FF52-4E15-93B2-EE0A2460D5C1}.Release|Any CPU.ActiveCfg = Release|Any CPU
		{A6D831CE-FF52-4E15-93B2-EE0A2460D5C1}.Release|Any CPU.Build.0 = Release|Any CPU
		{4838BEBE-EB02-400A-A7BE-52CBD07F2107}.Debug|Any CPU.ActiveCfg = Debug|Any CPU
		{4838BEBE-EB02-400A-A7BE-52CBD07F2107}.Debug|Any CPU.Build.0 = Debug|Any CPU
		{4838BEBE-EB02-400A-A7BE-52CBD07F2107}.Release|Any CPU.ActiveCfg = Release|Any CPU
		{4838BEBE-EB02-400A-A7BE-52CBD07F2107}.Release|Any CPU.Build.0 = Release|Any CPU
		{AE4A685C-B032-4C5F-AA38-DE67BACBDFE2}.Debug|Any CPU.ActiveCfg = Debug|Any CPU
		{AE4A685C-B032-4C5F-AA38-DE67BACBDFE2}.Debug|Any CPU.Build.0 = Debug|Any CPU
		{AE4A685C-B032-4C5F-AA38-DE67BACBDFE2}.Release|Any CPU.ActiveCfg = Release|Any CPU
		{AE4A685C-B032-4C5F-AA38-DE67BACBDFE2}.Release|Any CPU.Build.0 = Release|Any CPU
		{4A9D5AD1-1D6E-40D2-B24E-DACE74424544}.Debug|Any CPU.ActiveCfg = Debug|Any CPU
		{4A9D5AD1-1D6E-40D2-B24E-DACE74424544}.Debug|Any CPU.Build.0 = Debug|Any CPU
		{4A9D5AD1-1D6E-40D2-B24E-DACE74424544}.Release|Any CPU.ActiveCfg = Release|Any CPU
		{4A9D5AD1-1D6E-40D2-B24E-DACE74424544}.Release|Any CPU.Build.0 = Release|Any CPU
		{C07EEDA6-472D-4BFF-A53C-FB57D77B89BD}.Debug|Any CPU.ActiveCfg = Debug|Any CPU
		{C07EEDA6-472D-4BFF-A53C-FB57D77B89BD}.Debug|Any CPU.Build.0 = Debug|Any CPU
		{C07EEDA6-472D-4BFF-A53C-FB57D77B89BD}.Release|Any CPU.ActiveCfg = Release|Any CPU
		{C07EEDA6-472D-4BFF-A53C-FB57D77B89BD}.Release|Any CPU.Build.0 = Release|Any CPU
		{2C4FB813-DC1C-443A-845F-21565C86D10B}.Debug|Any CPU.ActiveCfg = Debug|Any CPU
		{2C4FB813-DC1C-443A-845F-21565C86D10B}.Debug|Any CPU.Build.0 = Debug|Any CPU
		{2C4FB813-DC1C-443A-845F-21565C86D10B}.Release|Any CPU.ActiveCfg = Release|Any CPU
		{2C4FB813-DC1C-443A-845F-21565C86D10B}.Release|Any CPU.Build.0 = Release|Any CPU
		{D002F352-B4D1-461C-B215-7FB69187AAFD}.Debug|Any CPU.ActiveCfg = Debug|Any CPU
		{D002F352-B4D1-461C-B215-7FB69187AAFD}.Debug|Any CPU.Build.0 = Debug|Any CPU
		{D002F352-B4D1-461C-B215-7FB69187AAFD}.Release|Any CPU.ActiveCfg = Release|Any CPU
		{D002F352-B4D1-461C-B215-7FB69187AAFD}.Release|Any CPU.Build.0 = Release|Any CPU
		{972779A0-BA93-4903-92FA-00A0FE68C3CD}.Debug|Any CPU.ActiveCfg = Debug|Any CPU
		{972779A0-BA93-4903-92FA-00A0FE68C3CD}.Debug|Any CPU.Build.0 = Debug|Any CPU
		{972779A0-BA93-4903-92FA-00A0FE68C3CD}.Release|Any CPU.ActiveCfg = Release|Any CPU
		{972779A0-BA93-4903-92FA-00A0FE68C3CD}.Release|Any CPU.Build.0 = Release|Any CPU
		{EB98343E-271D-4CC5-817E-B6AB8DF962E2}.Debug|Any CPU.ActiveCfg = Debug|Any CPU
		{EB98343E-271D-4CC5-817E-B6AB8DF962E2}.Debug|Any CPU.Build.0 = Debug|Any CPU
		{EB98343E-271D-4CC5-817E-B6AB8DF962E2}.Release|Any CPU.ActiveCfg = Release|Any CPU
		{EB98343E-271D-4CC5-817E-B6AB8DF962E2}.Release|Any CPU.Build.0 = Release|Any CPU
		{369B6AA3-D2C8-47A3-83AC-A4C8BC10C677}.Debug|Any CPU.ActiveCfg = Debug|Any CPU
		{369B6AA3-D2C8-47A3-83AC-A4C8BC10C677}.Debug|Any CPU.Build.0 = Debug|Any CPU
		{369B6AA3-D2C8-47A3-83AC-A4C8BC10C677}.Release|Any CPU.ActiveCfg = Release|Any CPU
		{369B6AA3-D2C8-47A3-83AC-A4C8BC10C677}.Release|Any CPU.Build.0 = Release|Any CPU
		{FCD94744-0922-48C8-8F6F-400209E49F23}.Debug|Any CPU.ActiveCfg = Debug|Any CPU
		{FCD94744-0922-48C8-8F6F-400209E49F23}.Debug|Any CPU.Build.0 = Debug|Any CPU
		{FCD94744-0922-48C8-8F6F-400209E49F23}.Release|Any CPU.ActiveCfg = Release|Any CPU
		{FCD94744-0922-48C8-8F6F-400209E49F23}.Release|Any CPU.Build.0 = Release|Any CPU
		{679B4819-67B4-4334-80AF-083101EFCF97}.Debug|Any CPU.ActiveCfg = Debug|Any CPU
		{679B4819-67B4-4334-80AF-083101EFCF97}.Debug|Any CPU.Build.0 = Debug|Any CPU
		{679B4819-67B4-4334-80AF-083101EFCF97}.Release|Any CPU.ActiveCfg = Release|Any CPU
		{679B4819-67B4-4334-80AF-083101EFCF97}.Release|Any CPU.Build.0 = Release|Any CPU
		{F59E3268-359A-4B26-B0CF-79C73ACDE322}.Debug|Any CPU.ActiveCfg = Debug|Any CPU
		{F59E3268-359A-4B26-B0CF-79C73ACDE322}.Debug|Any CPU.Build.0 = Debug|Any CPU
		{F59E3268-359A-4B26-B0CF-79C73ACDE322}.Release|Any CPU.ActiveCfg = Release|Any CPU
		{F59E3268-359A-4B26-B0CF-79C73ACDE322}.Release|Any CPU.Build.0 = Release|Any CPU
		{D519D42F-B333-42A7-A7B5-76E0CEE411F9}.Debug|Any CPU.ActiveCfg = Debug|Any CPU
		{D519D42F-B333-42A7-A7B5-76E0CEE411F9}.Debug|Any CPU.Build.0 = Debug|Any CPU
		{D519D42F-B333-42A7-A7B5-76E0CEE411F9}.Release|Any CPU.ActiveCfg = Release|Any CPU
		{D519D42F-B333-42A7-A7B5-76E0CEE411F9}.Release|Any CPU.Build.0 = Release|Any CPU
		{C2D9FB7E-9C32-4E68-9B09-82A091E2C9D7}.Debug|Any CPU.ActiveCfg = Debug|Any CPU
		{C2D9FB7E-9C32-4E68-9B09-82A091E2C9D7}.Debug|Any CPU.Build.0 = Debug|Any CPU
		{C2D9FB7E-9C32-4E68-9B09-82A091E2C9D7}.Release|Any CPU.ActiveCfg = Release|Any CPU
		{C2D9FB7E-9C32-4E68-9B09-82A091E2C9D7}.Release|Any CPU.Build.0 = Release|Any CPU
	EndGlobalSection
	GlobalSection(SolutionProperties) = preSolution
		HideSolutionNode = FALSE
	EndGlobalSection
	GlobalSection(NestedProjects) = preSolution
		{534AC5F8-2DF2-40BD-87A5-B3D8310118C4} = {3E482BFB-F94D-4667-90D2-46919C360CA4}
		{48A1D3BC-A14B-436A-8822-6DE2BEF8B747} = {3E482BFB-F94D-4667-90D2-46919C360CA4}
		{F20D0A20-5005-4E82-A3BE-416C7E90C7D6} = {EFE8C773-6523-417F-BDFA-6B764C202569}
		{5B3A8C4D-142A-470D-BAE8-A35B3BC7D79E} = {EFE8C773-6523-417F-BDFA-6B764C202569}
		{A1F7CFC4-FE73-4B35-B228-9540E82EA2BE} = {86A161FE-9D63-4E6B-B8DF-20A9F6BF59F0}
		{D3FF68BA-1A89-426F-B813-559348B632D4} = {BCD318F6-7275-4E19-93FB-493413B0F0DE}
		{C0E08CDF-97E9-46C6-94C8-583706ACCA34} = {BCD318F6-7275-4E19-93FB-493413B0F0DE}
		{ED4277EE-5FB3-4557-9DDC-5CD087FF9BAB} = {A0809114-2A6E-405A-9E85-58C4B2EBF5D4}
		{9642BA1D-26E6-4072-B222-F4BC4A4F7138} = {A0809114-2A6E-405A-9E85-58C4B2EBF5D4}
		{061E0D55-1635-44E5-982B-156B1E3AD0A7} = {5E50DD51-7590-4C8A-A50B-0223CA7E4401}
		{590A5F2B-1752-4773-8777-D0C06086CFEC} = {5E50DD51-7590-4C8A-A50B-0223CA7E4401}
		{7AF5F5AA-3631-486E-8D4D-A72F04D2BFFA} = {5E50DD51-7590-4C8A-A50B-0223CA7E4401}
		{A164B8DA-981D-45BE-9C5D-32B7C1B8BB96} = {5E50DD51-7590-4C8A-A50B-0223CA7E4402}
		{78E95D52-1967-416B-A14F-17BF3FCDB92D} = {5E50DD51-7590-4C8A-A50B-0223CA7E4402}
		{D75DB0FD-C407-430E-9192-C28B55EF369E} = {5E50DD51-7590-4C8A-A50B-0223CA7E4403}
		{C7E9466D-AA71-4CB7-97B2-188F94038916} = {5E50DD51-7590-4C8A-A50B-0223CA7E4403}
		{2A13937C-E948-4FB9-8755-6FC897B97807} = {5E50DD51-7590-4C8A-A50B-0223CA7E4404}
		{CD7BEF01-881A-4ED7-AF6D-40C673B0340D} = {5E50DD51-7590-4C8A-A50B-0223CA7E4404}
		{0E8F1C91-33FC-41DC-AA66-F24357AD280D} = {5E50DD51-7590-4C8A-A50B-0223CA7E4405}
		{F3A01EC9-B56F-44E0-B9A8-82D011D758BD} = {5E50DD51-7590-4C8A-A50B-0223CA7E4405}
		{969AEED3-C71C-4AC5-A056-B61EF7C043A2} = {5E50DD51-7590-4C8A-A50B-0223CA7E4406}
		{D99089C9-626C-40F2-B8B2-721A804DB2A6} = {5E50DD51-7590-4C8A-A50B-0223CA7E4406}
		{C7E29B9D-FB7B-40D8-9938-E7AB05772FDB} = {5E50DD51-7590-4C8A-A50B-0223CA7E4407}
		{74A82CCD-3AFC-408E-8FF3-1B141607D9EB} = {5E50DD51-7590-4C8A-A50B-0223CA7E4407}
		{CDF33524-886E-41C1-9BC0-959DBA10810B} = {5E50DD51-7590-4C8A-A50B-0223CA7E4408}
		{A1749150-9DDC-4920-ADD9-C0332EBFA23C} = {5E50DD51-7590-4C8A-A50B-0223CA7E4408}
		{4A9F4DBB-CD47-4CD1-BE82-A9FA7B3C3F61} = {5D0EE17E-B935-4528-A05B-73557691B132}
		{DE7280F1-E2A3-401F-831E-B2554CFF0F29} = {5D0EE17E-B935-4528-A05B-73557691B132}
		{F905E065-F672-465E-AD67-C8D5783AAAF5} = {5E50DD51-7590-4C8A-A50B-0223CA7E4107}
		{22D09FCD-1B14-4349-AD2A-BF2323C7F160} = {5E50DD51-7590-4C8A-A50B-0223CA7E4107}
		{DD20B4D4-EFB7-4AF7-875F-E9C98E52232A} = {5E50DD51-7590-4C8A-A50B-0223CA7E4108}
		{893FBC5D-1206-42ED-92F7-2D89093E9AFB} = {5E50DD51-7590-4C8A-A50B-0223CA7E4108}
		{D1840E81-B381-49CE-8404-A0D94B27F6FE} = {5E50DD51-7590-4C8A-A50B-0223CA7E4206}
		{A83E8F8E-DC14-4654-9D4D-F4DF6D24B853} = {5E50DD51-7590-4C8A-A50B-0223CA7E4206}
		{16EC7B96-1D4A-4B1E-9691-45BCB088721F} = {5E50DD51-7590-4C8A-A50B-0223CA7E4207}
		{445B937F-1BEE-4CEC-8011-568451B30642} = {5E50DD51-7590-4C8A-A50B-0223CA7E4207}
		{EBCB751A-A74D-465A-A7C7-4B4B39C013AE} = {5E50DD51-7590-4C8A-A50B-0223CA7E4208}
		{5CBAB344-F170-47CF-A06B-366951C45E3A} = {5E50DD51-7590-4C8A-A50B-0223CA7E4208}
		{B0851F16-9D3A-4B86-93C8-ADB2076F37BE} = {5E50DD51-7590-4C8A-A50B-0223CA7E4306}
		{A6D831CE-FF52-4E15-93B2-EE0A2460D5C1} = {5E50DD51-7590-4C8A-A50B-0223CA7E4307}
		{4838BEBE-EB02-400A-A7BE-52CBD07F2107} = {5E50DD51-7590-4C8A-A50B-0223CA7E4307}
		{AE4A685C-B032-4C5F-AA38-DE67BACBDFE2} = {5E50DD51-7590-4C8A-A50B-0223CA7E4307}
		{4A9D5AD1-1D6E-40D2-B24E-DACE74424544} = {5E50DD51-7590-4C8A-A50B-0223CA7E4307}
		{C07EEDA6-472D-4BFF-A53C-FB57D77B89BD} = {5E50DD51-7590-4C8A-A50B-0223CA7E4308}
		{2C4FB813-DC1C-443A-845F-21565C86D10B} = {5E50DD51-7590-4C8A-A50B-0223CA7E4308}
		{D002F352-B4D1-461C-B215-7FB69187AAFD} = {7A78599A-4BB3-4952-9689-488EEACEC75D}
		{972779A0-BA93-4903-92FA-00A0FE68C3CD} = {9B8DF1EB-EADE-4E7C-8B89-62C68A79AA36}
		{EB98343E-271D-4CC5-817E-B6AB8DF962E2} = {9B8DF1EB-EADE-4E7C-8B89-62C68A79AA36}
		{369B6AA3-D2C8-47A3-83AC-A4C8BC10C677} = {272BA202-0F94-43AA-9EF0-466542996840}
		{FCD94744-0922-48C8-8F6F-400209E49F23} = {272BA202-0F94-43AA-9EF0-466542996840}
		{679B4819-67B4-4334-80AF-083101EFCF97} = {5E50DD51-7590-4C8A-A50B-0223CA7E4507}
		{F59E3268-359A-4B26-B0CF-79C73ACDE322} = {5E50DD51-7590-4C8A-A50B-0223CA7E4507}
		{D519D42F-B333-42A7-A7B5-76E0CEE411F9} = {5E50DD51-7590-4C8A-A50B-0223CA7E4508}
		{C2D9FB7E-9C32-4E68-9B09-82A091E2C9D7} = {5E50DD51-7590-4C8A-A50B-0223CA7E4508}
	EndGlobalSection
	GlobalSection(ExtensibilityGlobals) = postSolution
		SolutionGuid = {D22B3129-3BFB-41FA-9FCE-E45EBEF8C2DD}
	EndGlobalSection
EndGlobal
